
Microsoft Visual Studio Solution File, Format Version 12.00
# Visual Studio Version 16
VisualStudioVersion = 16.0.31321.278
MinimumVisualStudioVersion = 10.0.40219.1
Project("{2150E333-8FDC-42A3-9474-1A3956D46DE8}") = "Services", "Services", "{42D0729C-CC56-4229-AE31-28207CF004FD}"
EndProject
Project("{2150E333-8FDC-42A3-9474-1A3956D46DE8}") = "Catalog", "Catalog", "{684BFE11-8005-464D-89CB-59F6E9398AF5}"
EndProject
Project("{9A19103F-16F7-4668-BE54-9A1E7A4F7556}") = "Catalog.API", "Services\Catalog\Catalog.API\Catalog.API.csproj", "{672317E8-37CF-4941-8D5E-D47AF384DC1B}"
EndProject
Project("{E53339B2-1760-4266-BCC7-CA923CBCF16C}") = "docker-compose", "docker-compose.dcproj", "{CC6E9F2B-0C9A-48DA-9919-5FFEF0BA4BB4}"
EndProject
Project("{2150E333-8FDC-42A3-9474-1A3956D46DE8}") = "Basket", "Basket", "{8159594C-51DA-48FA-B6AB-37FBDF41F621}"
EndProject
Project("{9A19103F-16F7-4668-BE54-9A1E7A4F7556}") = "Basket.API", "Services\Basket\Basket.API\Basket.API.csproj", "{BF90342C-4A66-4E7F-9AA1-E1360EF081F7}"
EndProject
Project("{2150E333-8FDC-42A3-9474-1A3956D46DE8}") = "Discount", "Discount", "{550E9DFF-1BC2-4D5C-BDC8-47385C93F481}"
EndProject
Project("{FAE04EC0-301F-11D3-BF4B-00C04F79EFBC}") = "Discount.API", "Services\Discount\Discount.API\Discount.API.csproj", "{AF768C7E-FF93-4BCC-A3E3-7ABED7F46DDF}"
EndProject
Global
	GlobalSection(SolutionConfigurationPlatforms) = preSolution
		Debug|Any CPU = Debug|Any CPU
		Release|Any CPU = Release|Any CPU
	EndGlobalSection
	GlobalSection(ProjectConfigurationPlatforms) = postSolution
		{672317E8-37CF-4941-8D5E-D47AF384DC1B}.Debug|Any CPU.ActiveCfg = Debug|Any CPU
		{672317E8-37CF-4941-8D5E-D47AF384DC1B}.Debug|Any CPU.Build.0 = Debug|Any CPU
		{672317E8-37CF-4941-8D5E-D47AF384DC1B}.Release|Any CPU.ActiveCfg = Release|Any CPU
		{672317E8-37CF-4941-8D5E-D47AF384DC1B}.Release|Any CPU.Build.0 = Release|Any CPU
		{CC6E9F2B-0C9A-48DA-9919-5FFEF0BA4BB4}.Debug|Any CPU.ActiveCfg = Debug|Any CPU
		{CC6E9F2B-0C9A-48DA-9919-5FFEF0BA4BB4}.Debug|Any CPU.Build.0 = Debug|Any CPU
		{CC6E9F2B-0C9A-48DA-9919-5FFEF0BA4BB4}.Release|Any CPU.ActiveCfg = Release|Any CPU
		{CC6E9F2B-0C9A-48DA-9919-5FFEF0BA4BB4}.Release|Any CPU.Build.0 = Release|Any CPU
		{BF90342C-4A66-4E7F-9AA1-E1360EF081F7}.Debug|Any CPU.ActiveCfg = Debug|Any CPU
		{BF90342C-4A66-4E7F-9AA1-E1360EF081F7}.Debug|Any CPU.Build.0 = Debug|Any CPU
		{BF90342C-4A66-4E7F-9AA1-E1360EF081F7}.Release|Any CPU.ActiveCfg = Release|Any CPU
		{BF90342C-4A66-4E7F-9AA1-E1360EF081F7}.Release|Any CPU.Build.0 = Release|Any CPU
		{AF768C7E-FF93-4BCC-A3E3-7ABED7F46DDF}.Debug|Any CPU.ActiveCfg = Debug|Any CPU
		{AF768C7E-FF93-4BCC-A3E3-7ABED7F46DDF}.Debug|Any CPU.Build.0 = Debug|Any CPU
		{AF768C7E-FF93-4BCC-A3E3-7ABED7F46DDF}.Release|Any CPU.ActiveCfg = Release|Any CPU
		{AF768C7E-FF93-4BCC-A3E3-7ABED7F46DDF}.Release|Any CPU.Build.0 = Release|Any CPU
	EndGlobalSection
	GlobalSection(SolutionProperties) = preSolution
		HideSolutionNode = FALSE
	EndGlobalSection
	GlobalSection(NestedProjects) = preSolution
		{684BFE11-8005-464D-89CB-59F6E9398AF5} = {42D0729C-CC56-4229-AE31-28207CF004FD}
		{672317E8-37CF-4941-8D5E-D47AF384DC1B} = {684BFE11-8005-464D-89CB-59F6E9398AF5}
		{8159594C-51DA-48FA-B6AB-37FBDF41F621} = {42D0729C-CC56-4229-AE31-28207CF004FD}
		{BF90342C-4A66-4E7F-9AA1-E1360EF081F7} = {8159594C-51DA-48FA-B6AB-37FBDF41F621}
		{550E9DFF-1BC2-4D5C-BDC8-47385C93F481} = {42D0729C-CC56-4229-AE31-28207CF004FD}
		{AF768C7E-FF93-4BCC-A3E3-7ABED7F46DDF} = {550E9DFF-1BC2-4D5C-BDC8-47385C93F481}
	EndGlobalSection
	GlobalSection(ExtensibilityGlobals) = postSolution
		SolutionGuid = {AA3B6CC2-5168-4434-96F9-84AB6D3A5F13}
	EndGlobalSection
EndGlobal
